Microsoft Visual Studio Solution File, Format Version 9.00
# Visual Studio 2005
Project("{FAE04EC0-301F-11D3-BF4B-00C04F79EFBC}") = "SingleButtonClick", "WindowsApplication168\SingleButtonClick.csproj", "{291F10EA-129A-4071-B1CF-D654C32E54AE}"
EndProject
Global
	GlobalSection(SolutionConfigurationPlatforms) = preSolution
		Debug|Any CPU = Debug|Any CPU
		Release|Any CPU = Release|Any CPU
	EndGlobalSection
	GlobalSection(ProjectConfigurationPlatforms) = postSolution
		{291F10EA-129A-4071-B1CF-D654C32E54AE}.Debug|Any CPU.ActiveCfg = Debug|Any CPU
		{291F10EA-129A-4071-B1CF-D654C32E54AE}.Debug|Any CPU.Build.0 = Debug|Any CPU
		{291F10EA-129A-4071-B1CF-D654C32E54AE}.Release|Any CPU.ActiveCfg = Release|Any CPU
		{291F10EA-129A-4071-B1CF-D654C32E54AE}.Release|Any CPU.Build.0 = Release|Any CPU
	EndGlobalSection
	GlobalSection(SolutionProperties) = preSolution
		HideSolutionNode = FALSE
	EndGlobalSection
EndGlobal
